github.com/kryovyx/corex v0.1.0 h1:1clb7XlGUccqpX5tasPW2mBXkh1Vx56zgteerHcRM40=
github.com/kryovyx/corex v0.1.0/go.mod h1:w3r63NH7ztXHZTUkTAR4qd1Ey69uErmEC0CqL2QyQfo=
github.com/kryovyx/rextension v0.3.0 h1:GuMc9L+0BPA+O8SJN92A0eEEwuYgvOw97cA3THXVNJU=
github.com/kryovyx/rextension v0.3.0/go.mod h1:rG/YCpirP8qTgJu2rPqTX9Xc8Njrbs/KvfHruE4x6PM=
